Microsoft Visual Studio Solution File, Format Version 12.00
# Visual Studio 2013
VisualStudioVersion = 12.0.31101.0
MinimumVisualStudioVersion = 10.0.40219.1
Project("{FAE04EC0-301F-11D3-BF4B-00C04F79EFBC}") = "OwlDotNetApi", "OwlDotNetApi\OwlDotNetApi.csproj", "{1C6FFAC7-7E9F-479B-B15C-BCE7AB3653AC}"
EndProject
Project("{FAE04EC0-301F-11D3-BF4B-00C04F79EFBC}") = "OwlDotNetApiTest", "OwlDotNetApiTest\OwlDotNetApiTest.csproj", "{5FE5EA5A-4653-40EA-B59F-0467E3E331D7}"
EndProject
Global
	GlobalSection(SolutionConfigurationPlatforms) = preSolution
		Debug|Any CPU = Debug|Any CPU
		Release|Any CPU = Release|Any CPU
	EndGlobalSection
	GlobalSection(ProjectConfigurationPlatforms) = postSolution
		{1C6FFAC7-7E9F-479B-B15C-BCE7AB3653AC}.Debug|Any CPU.ActiveCfg = Debug|Any CPU
		{1C6FFAC7-7E9F-479B-B15C-BCE7AB3653AC}.Release|Any CPU.ActiveCfg = Release|Any CPU
		{1C6FFAC7-7E9F-479B-B15C-BCE7AB3653AC}.Release|Any CPU.Build.0 = Release|Any CPU
		{5FE5EA5A-4653-40EA-B59F-0467E3E331D7}.Debug|Any CPU.ActiveCfg = Debug|Any CPU
		{5FE5EA5A-4653-40EA-B59F-0467E3E331D7}.Debug|Any CPU.Build.0 = Debug|Any CPU
		{5FE5EA5A-4653-40EA-B59F-0467E3E331D7}.Release|Any CPU.ActiveCfg = Release|Any CPU
		{5FE5EA5A-4653-40EA-B59F-0467E3E331D7}.Release|Any CPU.Build.0 = Release|Any CPU
	EndGlobalSection
	GlobalSection(SolutionProperties) = preSolution
		HideSolutionNode = FALSE
	EndGlobalSection
EndGlobal
